
Microsoft Visual Studio Solution File, Format Version 12.00
Project("{FAE04EC0-301F-11D3-BF4B-00C04F79EFBC}") = "LoopsDemoCSharp-52", "LoopsDemoCSharp-52\LoopsDemoCSharp-52.csproj", "{525210B8-8799-4763-8FEE-DE5AC40F39C8}"
EndProject
Global
	GlobalSection(SolutionConfigurationPlatforms) = preSolution
		Debug|Any CPU = Debug|Any CPU
		Release|Any CPU = Release|Any CPU
	EndGlobalSection
	GlobalSection(ProjectConfigurationPlatforms) = postSolution
		{525210B8-8799-4763-8FEE-DE5AC40F39C8}.Debug|Any CPU.ActiveCfg = Debug|Any CPU
		{525210B8-8799-4763-8FEE-DE5AC40F39C8}.Debug|Any CPU.Build.0 = Debug|Any CPU
		{525210B8-8799-4763-8FEE-DE5AC40F39C8}.Release|Any CPU.ActiveCfg = Release|Any CPU
		{525210B8-8799-4763-8FEE-DE5AC40F39C8}.Release|Any CPU.Build.0 = Release|Any CPU
	EndGlobalSection
EndGlobal
